
Microsoft Visual Studio Solution File, Format Version 12.00
# Visual Studio Version 17
VisualStudioVersion = 17.8.34322.80
MinimumVisualStudioVersion = 10.0.40219.1
Project("{FAE04EC0-301F-11D3-BF4B-00C04F79EFBC}") = "GitDemo22", "GitDemo22\GitDemo22.csproj", "{8D71FC0E-1D7A-4E33-AD02-73F5FC3FCDE8}"
EndProject
Global
	GlobalSection(SolutionConfigurationPlatforms) = preSolution
		Debug|Any CPU = Debug|Any CPU
		Release|Any CPU = Release|Any CPU
	EndGlobalSection
	GlobalSection(ProjectConfigurationPlatforms) = postSolution
		{8D71FC0E-1D7A-4E33-AD02-73F5FC3FCDE8}.Debug|Any CPU.ActiveCfg = Debug|Any CPU
		{8D71FC0E-1D7A-4E33-AD02-73F5FC3FCDE8}.Debug|Any CPU.Build.0 = Debug|Any CPU
		{8D71FC0E-1D7A-4E33-AD02-73F5FC3FCDE8}.Release|Any CPU.ActiveCfg = Release|Any CPU
		{8D71FC0E-1D7A-4E33-AD02-73F5FC3FCDE8}.Release|Any CPU.Build.0 = Release|Any CPU
	EndGlobalSection
	GlobalSection(SolutionProperties) = preSolution
		HideSolutionNode = FALSE
	EndGlobalSection
	GlobalSection(ExtensibilityGlobals) = postSolution
		SolutionGuid = {259B7F37-DEA6-495C-B50B-5AACF871B50D}
	EndGlobalSection
EndGlobal
